{
  "version": 4,
  "terraform_version": "1.2.6",
  "serial": 17,
  "lineage": "dde11e4b-ff37-7ccc-97a0-861fe1d03636",
  "outputs": {},
  "resources": [
    {
      "module": "module.database_migration_service",
      "mode": "data",
      "type": "aws_iam_policy_document",
      "name": "dms_assume_role",
      "provider": "provider[\"registry.terraform.io/hashicorp/aws\"]",
      "instances": [
        {
          "index_key": 0,
          "schema_version": 0,
          "attributes": {
            "id": "838930504",
            "json": "{\n  \"Version\": \"2012-10-17\",\n  \"Statement\": [\n    {\n      \"Sid\": \"\",\n      \"Effect\": \"Allow\",\n      \"Action\": \"sts:AssumeRole\",\n      \"Principal\": {\n        \"Service\": \"dms.amazonaws.com\"\n      }\n    }\n  ]\n}",
            "override_json": null,
            "override_policy_documents": null,
            "policy_id": null,
            "source_json": null,
            "source_policy_documents": null,
            "statement": [
              {
                "actions": [
                  "sts:AssumeRole"
                ],
                "condition": [],
                "effect": "Allow",
                "not_actions": [],
                "not_principals": [],
                "not_resources": [],
                "principals": [
                  {
                    "identifiers": [
                      "dms.amazonaws.com"
                    ],
                    "type": "Service"
                  }
                ],
                "resources": [],
                "sid": ""
              }
            ],
            "version": "2012-10-17"
          },
          "sensitive_attributes": []
        }
      ]
    },
    {
      "module": "module.database_migration_service",
      "mode": "data",
      "type": "aws_iam_policy_document",
      "name": "dms_assume_role_redshift",
      "provider": "provider[\"registry.terraform.io/hashicorp/aws\"]",
      "instances": [
        {
          "index_key": 0,
          "schema_version": 0,
          "attributes": {
            "id": "1198259746",
            "json": "{\n  \"Version\": \"2012-10-17\",\n  \"Statement\": [\n    {\n      \"Sid\": \"\",\n      \"Effect\": \"Allow\",\n      \"Action\": \"sts:AssumeRole\",\n      \"Principal\": {\n        \"Service\": \"dms.amazonaws.com\"\n      }\n    },\n    {\n      \"Sid\": \"\",\n      \"Effect\": \"Allow\",\n      \"Action\": \"sts:AssumeRole\",\n      \"Principal\": {\n        \"Service\": \"redshift.amazonaws.com\"\n      }\n    }\n  ]\n}",
            "override_json": null,
            "override_policy_documents": null,
            "policy_id": null,
            "source_json": null,
            "source_policy_documents": [
              "{\n  \"Version\": \"2012-10-17\",\n  \"Statement\": [\n    {\n      \"Sid\": \"\",\n      \"Effect\": \"Allow\",\n      \"Action\": \"sts:AssumeRole\",\n      \"Principal\": {\n        \"Service\": \"dms.amazonaws.com\"\n      }\n    }\n  ]\n}"
            ],
            "statement": [
              {
                "actions": [
                  "sts:AssumeRole"
                ],
                "condition": [],
                "effect": "Allow",
                "not_actions": [],
                "not_principals": [],
                "not_resources": [],
                "principals": [
                  {
                    "identifiers": [
                      "redshift.amazonaws.com"
                    ],
                    "type": "Service"
                  }
                ],
                "resources": [],
                "sid": ""
              }
            ],
            "version": "2012-10-17"
          },
          "sensitive_attributes": []
        }
      ]
    },
    {
      "module": "module.database_migration_service",
      "mode": "data",
      "type": "aws_partition",
      "name": "current",
      "provider": "provider[\"registry.terraform.io/hashicorp/aws\"]",
      "instances": [
        {
          "schema_version": 0,
          "attributes": {
            "dns_suffix": "amazonaws.com",
            "id": "aws",
            "partition": "aws",
            "reverse_dns_prefix": "com.amazonaws"
          },
          "sensitive_attributes": []
        }
      ]
    },
    {
      "module": "module.database_migration_service",
      "mode": "managed",
      "type": "aws_dms_certificate",
      "name": "this",
      "provider": "provider[\"registry.terraform.io/hashicorp/aws\"]",
      "instances": []
    },
    {
      "module": "module.database_migration_service",
      "mode": "managed",
      "type": "aws_dms_endpoint",
      "name": "this",
      "provider": "provider[\"registry.terraform.io/hashicorp/aws\"]",
      "instances": [
        {
          "index_key": "destination",
          "schema_version": 0,
          "attributes": {
            "certificate_arn": "",
            "database_name": "example",
            "elasticsearch_settings": [],
            "endpoint_arn": "arn:aws:dms:eu-west-2:261219435789:endpoint:MHB6YYCIOB5KGN7JEUQCKSBTM65666C3FILZVTI",
            "endpoint_id": "example-destination",
            "endpoint_type": "target",
            "engine_name": "aurora",
            "extra_connection_attributes": "",
            "id": "example-destination",
            "kafka_settings": [],
            "kinesis_settings": [],
            "kms_key_arn": "arn:aws:kms:eu-west-2:261219435789:key/029faae7-9cf3-4dd5-bf5f-8b344c933055",
            "mongodb_settings": [],
            "password": "passwordsDoNotNeedToMatch789?",
            "port": 3306,
            "redshift_settings": [],
            "s3_settings": [],
            "secrets_manager_access_role_arn": "",
            "secrets_manager_arn": "",
            "server_name": "dms-ex-dest.cluster-abcdefghijkl.us-east-1.rds.amazonaws.com",
            "service_access_role": null,
            "ssl_mode": "none",
            "tags": {
              "EndpointType": "destination",
              "Environment": "dev",
              "Terraform": "true"
            },
            "tags_all": {
              "EndpointType": "destination",
              "Environment": "dev",
              "Terraform": "true"
            },
            "timeouts": null,
            "username": "mysqlUser"
          },
          "sensitive_attributes": [],
          "private": "eyJlMmJmYjczMC1lY2FhLTExZTYtOGY4OC0zNDM2M2JjN2M0YzAiOnsiY3JlYXRlIjozMDAwMDAwMDAwMDAsImRlbGV0ZSI6MzAwMDAwMDAwMDAwfX0=",
          "dependencies": [
            "module.database_migration_service.aws_dms_certificate.this"
          ]
        },
        {
          "index_key": "source",
          "schema_version": 0,
          "attributes": {
            "certificate_arn": "",
            "database_name": "example",
            "elasticsearch_settings": [],
            "endpoint_arn": "arn:aws:dms:eu-west-2:261219435789:endpoint:EFKXEC3BZ6PMCVGPFBZSPZX2FMP5ARBZQVZTE6I",
            "endpoint_id": "example-source",
            "endpoint_type": "source",
            "engine_name": "aurora-postgresql",
            "extra_connection_attributes": "heartbeatFrequency=1;",
            "id": "example-source",
            "kafka_settings": [],
            "kinesis_settings": [],
            "kms_key_arn": "arn:aws:kms:eu-west-2:261219435789:key/029faae7-9cf3-4dd5-bf5f-8b344c933055",
            "mongodb_settings": [],
            "password": "youShouldPickABetterPassword123!",
            "port": 5432,
            "redshift_settings": [],
            "s3_settings": [],
            "secrets_manager_access_role_arn": "",
            "secrets_manager_arn": "",
            "server_name": "dms-ex-src.cluster-abcdefghijkl.us-east-1.rds.amazonaws.com",
            "service_access_role": null,
            "ssl_mode": "none",
            "tags": {
              "EndpointType": "source",
              "Environment": "dev",
              "Terraform": "true"
            },
            "tags_all": {
              "EndpointType": "source",
              "Environment": "dev",
              "Terraform": "true"
            },
            "timeouts": null,
            "username": "postgresqlUser"
          },
          "sensitive_attributes": [],
          "private": "eyJlMmJmYjczMC1lY2FhLTExZTYtOGY4OC0zNDM2M2JjN2M0YzAiOnsiY3JlYXRlIjozMDAwMDAwMDAwMDAsImRlbGV0ZSI6MzAwMDAwMDAwMDAwfX0=",
          "dependencies": [
            "module.database_migration_service.aws_dms_certificate.this"
          ]
        }
      ]
    },
    {
      "module": "module.database_migration_service",
      "mode": "managed",
      "type": "aws_dms_event_subscription",
      "name": "this",
      "provider": "provider[\"registry.terraform.io/hashicorp/aws\"]",
      "instances": []
    },
    {
      "module": "module.database_migration_service",
      "mode": "managed",
      "type": "aws_dms_replication_subnet_group",
      "name": "this",
      "provider": "provider[\"registry.terraform.io/hashicorp/aws\"]",
      "instances": [
        {
          "index_key": 0,
          "schema_version": 0,
          "attributes": {
            "id": "example",
            "replication_subnet_group_arn": "arn:aws:dms:eu-west-2:261219435789:subgrp:example",
            "replication_subnet_group_description": "DMS Subnet group",
            "replication_subnet_group_id": "example",
            "subnet_ids": [
              "subnet-0211b38927f10fa76",
              "subnet-02f6c5d596f394a01",
              "subnet-063521cb21305c891",
              "subnet-0f9df588ab2eb14f2"
            ],
            "tags": {
              "Environment": "dev",
              "Terraform": "true"
            },
            "tags_all": {
              "Environment": "dev",
              "Terraform": "true"
            },
            "vpc_id": "vpc-01f18d9d116d95c6c"
          },
          "sensitive_attributes": [],
          "private": "bnVsbA==",
          "dependencies": [
            "module.database_migration_service.time_sleep.wait_for_dependency_resources"
          ]
        }
      ]
    },
    {
      "module": "module.database_migration_service",
      "mode": "managed",
      "type": "aws_dms_replication_task",
      "name": "this",
      "provider": "provider[\"registry.terraform.io/hashicorp/aws\"]",
      "instances": []
    },
    {
      "module": "module.database_migration_service",
      "mode": "managed",
      "type": "aws_iam_role",
      "name": "dms_access_for_endpoint",
      "provider": "provider[\"registry.terraform.io/hashicorp/aws\"]",
      "instances": [
        {
          "index_key": 0,
          "schema_version": 0,
          "attributes": {
            "arn": "arn:aws:iam::261219435789:role/dms-access-for-endpoint",
            "assume_role_policy": "{\"Statement\":[{\"Action\":\"sts:AssumeRole\",\"Effect\":\"Allow\",\"Principal\":{\"Service\":\"dms.amazonaws.com\"},\"Sid\":\"\"}],\"Version\":\"2012-10-17\"}",
            "create_date": "2022-08-03T12:55:28Z",
            "description": "DMS IAM role for endpoint access permissions",
            "force_detach_policies": true,
            "id": "dms-access-for-endpoint",
            "inline_policy": [],
            "managed_policy_arns": [
              "arn:aws:iam::aws:policy/service-role/AmazonDMSRedshiftS3Role"
            ],
            "max_session_duration": 3600,
            "name": "dms-access-for-endpoint",
            "name_prefix": "",
            "path": "/",
            "permissions_boundary": null,
            "tags": {
              "Environment": "dev",
              "Terraform": "true"
            },
            "tags_all": {
              "Environment": "dev",
              "Terraform": "true"
            },
            "unique_id": "AROATZUPEIUGTTXTOXQEZ"
          },
          "sensitive_attributes": [],
          "private": "bnVsbA==",
          "dependencies": [
            "module.database_migration_service.data.aws_iam_policy_document.dms_assume_role",
            "module.database_migration_service.data.aws_iam_policy_document.dms_assume_role_redshift",
            "module.database_migration_service.data.aws_partition.current"
          ]
        }
      ]
    },
    {
      "module": "module.database_migration_service",
      "mode": "managed",
      "type": "aws_iam_role",
      "name": "dms_cloudwatch_logs_role",
      "provider": "provider[\"registry.terraform.io/hashicorp/aws\"]",
      "instances": [
        {
          "index_key": 0,
          "schema_version": 0,
          "attributes": {
            "arn": "arn:aws:iam::261219435789:role/dms-cloudwatch-logs-role",
            "assume_role_policy": "{\"Statement\":[{\"Action\":\"sts:AssumeRole\",\"Effect\":\"Allow\",\"Principal\":{\"Service\":\"dms.amazonaws.com\"},\"Sid\":\"\"}],\"Version\":\"2012-10-17\"}",
            "create_date": "2022-08-03T12:55:28Z",
            "description": "DMS IAM role for CloudWatch logs permissions",
            "force_detach_policies": true,
            "id": "dms-cloudwatch-logs-role",
            "inline_policy": [],
            "managed_policy_arns": [
              "arn:aws:iam::aws:policy/service-role/AmazonDMSCloudWatchLogsRole"
            ],
            "max_session_duration": 3600,
            "name": "dms-cloudwatch-logs-role",
            "name_prefix": "",
            "path": "/",
            "permissions_boundary": null,
            "tags": {
              "Environment": "dev",
              "Terraform": "true"
            },
            "tags_all": {
              "Environment": "dev",
              "Terraform": "true"
            },
            "unique_id": "AROATZUPEIUGUV77HXIOF"
          },
          "sensitive_attributes": [],
          "private": "bnVsbA==",
          "dependencies": [
            "module.database_migration_service.data.aws_iam_policy_document.dms_assume_role",
            "module.database_migration_service.data.aws_partition.current"
          ]
        }
      ]
    },
    {
      "module": "module.database_migration_service",
      "mode": "managed",
      "type": "aws_iam_role",
      "name": "dms_vpc_role",
      "provider": "provider[\"registry.terraform.io/hashicorp/aws\"]",
      "instances": [
        {
          "index_key": 0,
          "schema_version": 0,
          "attributes": {
            "arn": "arn:aws:iam::261219435789:role/dms-vpc-role",
            "assume_role_policy": "{\"Statement\":[{\"Action\":\"sts:AssumeRole\",\"Effect\":\"Allow\",\"Principal\":{\"Service\":\"dms.amazonaws.com\"},\"Sid\":\"\"}],\"Version\":\"2012-10-17\"}",
            "create_date": "2022-08-03T12:55:28Z",
            "description": "DMS IAM role for VPC permissions",
            "force_detach_policies": true,
            "id": "dms-vpc-role",
            "inline_policy": [],
            "managed_policy_arns": [
              "arn:aws:iam::aws:policy/service-role/AmazonDMSVPCManagementRole"
            ],
            "max_session_duration": 3600,
            "name": "dms-vpc-role",
            "name_prefix": "",
            "path": "/",
            "permissions_boundary": null,
            "tags": {
              "Environment": "dev",
              "Terraform": "true"
            },
            "tags_all": {
              "Environment": "dev",
              "Terraform": "true"
            },
            "unique_id": "AROATZUPEIUGREKPNYJPB"
          },
          "sensitive_attributes": [],
          "private": "bnVsbA==",
          "dependencies": [
            "module.database_migration_service.data.aws_iam_policy_document.dms_assume_role",
            "module.database_migration_service.data.aws_partition.current"
          ]
        }
      ]
    },
    {
      "module": "module.database_migration_service",
      "mode": "managed",
      "type": "time_sleep",
      "name": "wait_for_dependency_resources",
      "provider": "provider[\"registry.terraform.io/hashicorp/time\"]",
      "instances": [
        {
          "schema_version": 0,
          "attributes": {
            "create_duration": "10s",
            "destroy_duration": "10s",
            "id": "2022-08-03T12:55:39Z",
            "triggers": null
          },
          "sensitive_attributes": [],
          "private": "bnVsbA==",
          "dependencies": [
            "module.database_migration_service.aws_iam_role.dms_access_for_endpoint",
            "module.database_migration_service.aws_iam_role.dms_cloudwatch_logs_role",
            "module.database_migration_service.aws_iam_role.dms_vpc_role",
            "module.database_migration_service.data.aws_iam_policy_document.dms_assume_role",
            "module.database_migration_service.data.aws_iam_policy_document.dms_assume_role_redshift",
            "module.database_migration_service.data.aws_partition.current"
          ]
        }
      ]
    }
  ]
}
